// !$*UTF8*$!
{
	archiveVersion = 1;
	classes = {
	};
	objectVersion = 55;
	objects = {

/* Begin PBXBuildFile section */
		FDA1EBC9288D57C4008DB36D /* AppDelegate.swift in Sources */ = {isa = PBXBuildFile; fileRef = FDA1EBC8288D57C4008DB36D /* AppDelegate.swift */; };
		FDA1EBCB288D57C4008DB36D /* SceneDelegate.swift in Sources */ = {isa = PBXBuildFile; fileRef = FDA1EBCA288D57C4008DB36D /* SceneDelegate.swift */; };
		FDA1EBCD288D57C4008DB36D /* ViewController.swift in Sources */ = {isa = PBXBuildFile; fileRef = FDA1EBCC288D57C4008DB36D /* ViewController.swift */; };
		FDA1EBD0288D57C4008DB36D /* Main.storyboard in Resources */ = {isa = PBXBuildFile; fileRef = FDA1EBCE288D57C4008DB36D /* Main.storyboard */; };
		FDA1EBD2288D57C5008DB36D /* Assets.xcassets in Resources */ = {isa = PBXBuildFile; fileRef = FDA1EBD1288D57C5008DB36D /* Assets.xcassets */; };
		FDA1EBD5288D57C5008DB36D /* LaunchScreen.storyboard in Resources */ = {isa = PBXBuildFile; fileRef = FDA1EBD3288D57C5008DB36D /* LaunchScreen.storyboard */; };
		FDA1EBDD288D5E4B008DB36D /* HabitsStore.swift in Sources */ = {isa = PBXBuildFile; fileRef = FDA1EBDC288D5E4B008DB36D /* HabitsStore.swift */; };
		FDA1EBE1288D655F008DB36D /* InfoViewController.swift in Sources */ = {isa = PBXBuildFile; fileRef = FDA1EBE0288D655F008DB36D /* InfoViewController.swift */; };
		FDA1EBE3288D656D008DB36D /* HabitsViewController.swift in Sources */ = {isa = PBXBuildFile; fileRef = FDA1EBE2288D656D008DB36D /* HabitsViewController.swift */; };
		FDA1EBE7288D8201008DB36D /* UIView+Extention.swift in Sources */ = {isa = PBXBuildFile; fileRef = FDA1EBE6288D8201008DB36D /* UIView+Extention.swift */; };
		FDA1EBE9288D929E008DB36D /* HabitsView.swift in Sources */ = {isa = PBXBuildFile; fileRef = FDA1EBE8288D929E008DB36D /* HabitsView.swift */; };
		FDA1EBFA2893070A008DB36D /* HabitViewController.swift in Sources */ = {isa = PBXBuildFile; fileRef = FDA1EBF92893070A008DB36D /* HabitViewController.swift */; };
		FDA1EBFC2893072D008DB36D /* HabitView.swift in Sources */ = {isa = PBXBuildFile; fileRef = FDA1EBFB2893072D008DB36D /* HabitView.swift */; };
		FDA1EBFE28930A73008DB36D /* CustomUITextField.swift in Sources */ = {isa = PBXBuildFile; fileRef = FDA1EBFD28930A73008DB36D /* CustomUITextField.swift */; };
		FDA1EC00289408AB008DB36D /* InfoView.swift in Sources */ = {isa = PBXBuildFile; fileRef = FDA1EBFF289408AB008DB36D /* InfoView.swift */; };
		FDA1EC0728944A5B008DB36D /* SF-Pro-Text-Regular.otf in Resources */ = {isa = PBXBuildFile; fileRef = FDA1EC0428944A5B008DB36D /* SF-Pro-Text-Regular.otf */; };
		FDA1EC0828944A5B008DB36D /* SF-Pro-Text-Semibold.otf in Resources */ = {isa = PBXBuildFile; fileRef = FDA1EC0528944A5B008DB36D /* SF-Pro-Text-Semibold.otf */; };
		FDA1EC0928944FA3008DB36D /* SF-Pro-Display-Semibold.otf in Resources */ = {isa = PBXBuildFile; fileRef = FDA1EC0328944A5B008DB36D /* SF-Pro-Display-Semibold.otf */; };
		FDE56FF428945DD700429D82 /* InfoConstants.swift in Sources */ = {isa = PBXBuildFile; fileRef = FDE56FF328945DD700429D82 /* InfoConstants.swift */; };
		FDE56FF6289462FD00429D82 /* HabitConstants.swift in Sources */ = {isa = PBXBuildFile; fileRef = FDE56FF5289462FD00429D82 /* HabitConstants.swift */; };
/* End PBXBuildFile section */

/* Begin PBXFileReference section */
		FDA1EBC5288D57C4008DB36D /* MyHabits.app */ = {isa = PBXFileReference; explicitFileType = wrapper.application; includeInIndex = 0; path = MyHabits.app; sourceTree = BUILT_PRODUCTS_DIR; };
		FDA1EBC8288D57C4008DB36D /* AppDelegate.swift */ = {isa = PBXFileReference; lastKnownFileType = sourcecode.swift; path = AppDelegate.swift; sourceTree = "<group>"; };
		FDA1EBCA288D57C4008DB36D /* SceneDelegate.swift */ = {isa = PBXFileReference; lastKnownFileType = sourcecode.swift; path = SceneDelegate.swift; sourceTree = "<group>"; };
		FDA1EBCC288D57C4008DB36D /* ViewController.swift */ = {isa = PBXFileReference; lastKnownFileType = sourcecode.swift; path = ViewController.swift; sourceTree = "<group>"; };
		FDA1EBCF288D57C4008DB36D /* Base */ = {isa = PBXFileReference; lastKnownFileType = file.storyboard; name = Base; path = Base.lproj/Main.storyboard; sourceTree = "<group>"; };
		FDA1EBD1288D57C5008DB36D /* Assets.xcassets */ = {isa = PBXFileReference; lastKnownFileType = folder.assetcatalog; path = Assets.xcassets; sourceTree = "<group>"; };
		FDA1EBD4288D57C5008DB36D /* Base */ = {isa = PBXFileReference; lastKnownFileType = file.storyboard; name = Base; path = Base.lproj/LaunchScreen.storyboard; sourceTree = "<group>"; };
		FDA1EBD6288D57C5008DB36D /* Info.plist */ = {isa = PBXFileReference; lastKnownFileType = text.plist.xml; path = Info.plist; sourceTree = "<group>"; };
		FDA1EBDC288D5E4B008DB36D /* HabitsStore.swift */ = {isa = PBXFileReference; lastKnownFileType = sourcecode.swift; path = HabitsStore.swift; sourceTree = "<group>"; };
		FDA1EBE0288D655F008DB36D /* InfoViewController.swift */ = {isa = PBXFileReference; lastKnownFileType = sourcecode.swift; path = InfoViewController.swift; sourceTree = "<group>"; };
		FDA1EBE2288D656D008DB36D /* HabitsViewController.swift */ = {isa = PBXFileReference; lastKnownFileType = sourcecode.swift; path = HabitsViewController.swift; sourceTree = "<group>"; };
		FDA1EBE6288D8201008DB36D /* UIView+Extention.swift */ = {isa = PBXFileReference; lastKnownFileType = sourcecode.swift; path = "UIView+Extention.swift"; sourceTree = "<group>"; };
		FDA1EBE8288D929E008DB36D /* HabitsView.swift */ = {isa = PBXFileReference; lastKnownFileType = sourcecode.swift; path = HabitsView.swift; sourceTree = "<group>"; };
		FDA1EBF92893070A008DB36D /* HabitViewController.swift */ = {isa = PBXFileReference; lastKnownFileType = sourcecode.swift; path = HabitViewController.swift; sourceTree = "<group>"; };
		FDA1EBFB2893072D008DB36D /* HabitView.swift */ = {isa = PBXFileReference; lastKnownFileType = sourcecode.swift; path = HabitView.swift; sourceTree = "<group>"; };
		FDA1EBFD28930A73008DB36D /* CustomUITextField.swift */ = {isa = PBXFileReference; lastKnownFileType = sourcecode.swift; path = CustomUITextField.swift; sourceTree = "<group>"; };
		FDA1EBFF289408AB008DB36D /* InfoView.swift */ = {isa = PBXFileReference; lastKnownFileType = sourcecode.swift; path = InfoView.swift; sourceTree = "<group>"; };
		FDA1EC0328944A5B008DB36D /* SF-Pro-Display-Semibold.otf */ = {isa = PBXFileReference; lastKnownFileType = file; path = "SF-Pro-Display-Semibold.otf"; sourceTree = "<group>"; };
		FDA1EC0428944A5B008DB36D /* SF-Pro-Text-Regular.otf */ = {isa = PBXFileReference; lastKnownFileType = file; path = "SF-Pro-Text-Regular.otf"; sourceTree = "<group>"; };
		FDA1EC0528944A5B008DB36D /* SF-Pro-Text-Semibold.otf */ = {isa = PBXFileReference; lastKnownFileType = file; path = "SF-Pro-Text-Semibold.otf"; sourceTree = "<group>"; };
		FDE56FF328945DD700429D82 /* InfoConstants.swift */ = {isa = PBXFileReference; lastKnownFileType = sourcecode.swift; path = InfoConstants.swift; sourceTree = "<group>"; };
		FDE56FF5289462FD00429D82 /* HabitConstants.swift */ = {isa = PBXFileReference; lastKnownFileType = sourcecode.swift; path = HabitConstants.swift; sourceTree = "<group>"; };
/* End PBXFileReference section */

/* Begin PBXFrameworksBuildPhase section */
		FDA1EBC2288D57C4008DB36D /* Frameworks */ = {
			isa = PBXFrameworksBuildPhase;
			buildActionMask = 2147483647;
			files = (
			);
			runOnlyForDeploymentPostprocessing = 0;
		};
/* End PBXFrameworksBuildPhase section */

/* Begin PBXGroup section */
		FDA1EBBC288D57C4008DB36D = {
			isa = PBXGroup;
			children = (
				FDA1EBC7288D57C4008DB36D /* MyHabits */,
				FDA1EBC6288D57C4008DB36D /* Products */,
			);
			sourceTree = "<group>";
		};
		FDA1EBC6288D57C4008DB36D /* Products */ = {
			isa = PBXGroup;
			children = (
				FDA1EBC5288D57C4008DB36D /* MyHabits.app */,
			);
			name = Products;
			sourceTree = "<group>";
		};
		FDA1EBC7288D57C4008DB36D /* MyHabits */ = {
			isa = PBXGroup;
			children = (
				FDA1EBC8288D57C4008DB36D /* AppDelegate.swift */,
				FDA1EBCA288D57C4008DB36D /* SceneDelegate.swift */,
				FDA1EBCC288D57C4008DB36D /* ViewController.swift */,
				FDA1EBDE288D6515008DB36D /* Habits */,
				FDA1EBF8289306E9008DB36D /* Habit */,
				FDA1EBDF288D6524008DB36D /* Info */,
				FDA1EBCE288D57C4008DB36D /* Main.storyboard */,
				FDA1EBD1288D57C5008DB36D /* Assets.xcassets */,
				FDA1EBD3288D57C5008DB36D /* LaunchScreen.storyboard */,
				FDA1EBD6288D57C5008DB36D /* Info.plist */,
				FDA1EBE6288D8201008DB36D /* UIView+Extention.swift */,
				FDA1EBFD28930A73008DB36D /* CustomUITextField.swift */,
				FDA1EC02289449A7008DB36D /* Fonts */,
			);
			path = MyHabits;
			sourceTree = "<group>";
		};
		FDA1EBDE288D6515008DB36D /* Habits */ = {
			isa = PBXGroup;
			children = (
				FDA1EBDC288D5E4B008DB36D /* HabitsStore.swift */,
				FDA1EBE2288D656D008DB36D /* HabitsViewController.swift */,
				FDA1EBE8288D929E008DB36D /* HabitsView.swift */,
			);
			path = Habits;
			sourceTree = "<group>";
		};
		FDA1EBDF288D6524008DB36D /* Info */ = {
			isa = PBXGroup;
			children = (
				FDA1EBE0288D655F008DB36D /* InfoViewController.swift */,
				FDA1EBFF289408AB008DB36D /* InfoView.swift */,
				FDE56FF328945DD700429D82 /* InfoConstants.swift */,
			);
			path = Info;
			sourceTree = "<group>";
		};
		FDA1EBF8289306E9008DB36D /* Habit */ = {
			isa = PBXGroup;
			children = (
				FDA1EBF92893070A008DB36D /* HabitViewController.swift */,
				FDA1EBFB2893072D008DB36D /* HabitView.swift */,
				FDE56FF5289462FD00429D82 /* HabitConstants.swift */,
			);
			path = Habit;
			sourceTree = "<group>";
		};
		FDA1EC02289449A7008DB36D /* Fonts */ = {
			isa = PBXGroup;
			children = (
				FDA1EC0328944A5B008DB36D /* SF-Pro-Display-Semibold.otf */,
				FDA1EC0428944A5B008DB36D /* SF-Pro-Text-Regular.otf */,
				FDA1EC0528944A5B008DB36D /* SF-Pro-Text-Semibold.otf */,
			);
			path = Fonts;
			sourceTree = "<group>";
		};
/* End PBXGroup section */

/* Begin PBXNativeTarget section */
		FDA1EBC4288D57C4008DB36D /* MyHabits */ = {
			isa = PBXNativeTarget;
			buildConfigurationList = FDA1EBD9288D57C5008DB36D /* Build configuration list for PBXNativeTarget "MyHabits" */;
			buildPhases = (
				FDA1EBC1288D57C4008DB36D /* Sources */,
				FDA1EBC2288D57C4008DB36D /* Frameworks */,
				FDA1EBC3288D57C4008DB36D /* Resources */,
			);
			buildRules = (
			);
			dependencies = (
			);
			name = MyHabits;
			productName = MyHabits;
			productReference = FDA1EBC5288D57C4008DB36D /* MyHabits.app */;
			productType = "com.apple.product-type.application";
		};
/* End PBXNativeTarget section */

/* Begin PBXProject section */
		FDA1EBBD288D57C4008DB36D /* Project object */ = {
			isa = PBXProject;
			attributes = {
				BuildIndependentTargetsInParallel = 1;
				LastSwiftUpdateCheck = 1340;
				LastUpgradeCheck = 1340;
				TargetAttributes = {
					FDA1EBC4288D57C4008DB36D = {
						CreatedOnToolsVersion = 13.4.1;
					};
				};
			};
			buildConfigurationList = FDA1EBC0288D57C4008DB36D /* Build configuration list for PBXProject "MyHabits" */;
			compatibilityVersion = "Xcode 13.0";
			developmentRegion = en;
			hasScannedForEncodings = 0;
			knownRegions = (
				en,
				Base,
			);
			mainGroup = FDA1EBBC288D57C4008DB36D;
			productRefGroup = FDA1EBC6288D57C4008DB36D /* Products */;
			projectDirPath = "";
			projectRoot = "";
			targets = (
				FDA1EBC4288D57C4008DB36D /* MyHabits */,
			);
		};
/* End PBXProject section */

/* Begin PBXResourcesBuildPhase section */
		FDA1EBC3288D57C4008DB36D /* Resources */ = {
			isa = PBXResourcesBuildPhase;
			buildActionMask = 2147483647;
			files = (
				FDA1EC0928944FA3008DB36D /* SF-Pro-Display-Semibold.otf in Resources */,
				FDA1EC0828944A5B008DB36D /* SF-Pro-Text-Semibold.otf in Resources */,
				FDA1EC0728944A5B008DB36D /* SF-Pro-Text-Regular.otf in Resources */,
				FDA1EBD5288D57C5008DB36D /* LaunchScreen.storyboard in Resources */,
				FDA1EBD2288D57C5008DB36D /* Assets.xcassets in Resources */,
				FDA1EBD0288D57C4008DB36D /* Main.storyboard in Resources */,
			);
			runOnlyForDeploymentPostprocessing = 0;
		};
/* End PBXResourcesBuildPhase section */

/* Begin PBXSourcesBuildPhase section */
		FDA1EBC1288D57C4008DB36D /* Sources */ = {
			isa = PBXSourcesBuildPhase;
			buildActionMask = 2147483647;
			files = (
				FDA1EBDD288D5E4B008DB36D /* HabitsStore.swift in Sources */,
				FDE56FF428945DD700429D82 /* InfoConstants.swift in Sources */,
				FDE56FF6289462FD00429D82 /* HabitConstants.swift in Sources */,
				FDA1EBE9288D929E008DB36D /* HabitsView.swift in Sources */,
				FDA1EBE3288D656D008DB36D /* HabitsViewController.swift in Sources */,
				FDA1EBCD288D57C4008DB36D /* ViewController.swift in Sources */,
				FDA1EC00289408AB008DB36D /* InfoView.swift in Sources */,
				FDA1EBE7288D8201008DB36D /* UIView+Extention.swift in Sources */,
				FDA1EBC9288D57C4008DB36D /* AppDelegate.swift in Sources */,
				FDA1EBCB288D57C4008DB36D /* SceneDelegate.swift in Sources */,
				FDA1EBFA2893070A008DB36D /* HabitViewController.swift in Sources */,
				FDA1EBFE28930A73008DB36D /* CustomUITextField.swift in Sources */,
				FDA1EBE1288D655F008DB36D /* InfoViewController.swift in Sources */,
				FDA1EBFC2893072D008DB36D /* HabitView.swift in Sources */,
			);
			runOnlyForDeploymentPostprocessing = 0;
		};
/* End PBXSourcesBuildPhase section */

/* Begin PBXVariantGroup section */
		FDA1EBCE288D57C4008DB36D /* Main.storyboard */ = {
			isa = PBXVariantGroup;
			children = (
				FDA1EBCF288D57C4008DB36D /* Base */,
			);
			name = Main.storyboard;
			sourceTree = "<group>";
		};
		FDA1EBD3288D57C5008DB36D /* LaunchScreen.storyboard */ = {
			isa = PBXVariantGroup;
			children = (
				FDA1EBD4288D57C5008DB36D /* Base */,
			);
			name = LaunchScreen.storyboard;
			sourceTree = "<group>";
		};
/* End PBXVariantGroup section */

/* Begin XCBuildConfiguration section */
		FDA1EBD7288D57C5008DB36D /* Debug */ = {
			isa = XCBuildConfiguration;
			buildSettings = {
				ALWAYS_SEARCH_USER_PATHS = NO;
				CLANG_ANALYZER_NONNULL = YES;
				CLANG_ANALYZER_NUMBER_OBJECT_CONVERSION = YES_AGGRESSIVE;
				CLANG_CXX_LANGUAGE_STANDARD = "gnu++17";
				CLANG_ENABLE_MODULES = YES;
				CLANG_ENABLE_OBJC_ARC = YES;
				CLANG_ENABLE_OBJC_WEAK = YES;
				CLANG_WARN_BLOCK_CAPTURE_AUTORELEASING = YES;
				CLANG_WARN_BOOL_CONVERSION = YES;
				CLANG_WARN_COMMA = YES;
				CLANG_WARN_CONSTANT_CONVERSION = YES;
				CLANG_WARN_DEPRECATED_OBJC_IMPLEMENTATIONS = YES;
				CLANG_WARN_DIRECT_OBJC_ISA_USAGE = YES_ERROR;
				CLANG_WARN_DOCUMENTATION_COMMENTS = YES;
				CLANG_WARN_EMPTY_BODY = YES;
				CLANG_WARN_ENUM_CONVERSION = YES;
				CLANG_WARN_INFINITE_RECURSION = YES;
				CLANG_WARN_INT_CONVERSION = YES;
				CLANG_WARN_NON_LITERAL_NULL_CONVERSION = YES;
				CLANG_WARN_OBJC_IMPLICIT_RETAIN_SELF = YES;
				CLANG_WARN_OBJC_LITERAL_CONVERSION = YES;
				CLANG_WARN_OBJC_ROOT_CLASS = YES_ERROR;
				CLANG_WARN_QUOTED_INCLUDE_IN_FRAMEWORK_HEADER = YES;
				CLANG_WARN_RANGE_LOOP_ANALYSIS = YES;
				CLANG_WARN_STRICT_PROTOTYPES = YES;
				CLANG_WARN_SUSPICIOUS_MOVE = YES;
				CLANG_WARN_UNGUARDED_AVAILABILITY = YES_AGGRESSIVE;
				CLANG_WARN_UNREACHABLE_CODE = YES;
				CLANG_WARN__DUPLICATE_METHOD_MATCH = YES;
				COPY_PHASE_STRIP = NO;
				DEBUG_INFORMATION_FORMAT = dwarf;
				ENABLE_STRICT_OBJC_MSGSEND = YES;
				ENABLE_TESTABILITY = YES;
				GCC_C_LANGUAGE_STANDARD = gnu11;
				GCC_DYNAMIC_NO_PIC = NO;
				GCC_NO_COMMON_BLOCKS = YES;
				GCC_OPTIMIZATION_LEVEL = 0;
				GCC_PREPROCESSOR_DEFINITIONS = (
					"DEBUG=1",
					"$(inherited)",
				);
				GCC_WARN_64_TO_32_BIT_CONVERSION = YES;
				GCC_WARN_ABOUT_RETURN_TYPE = YES_ERROR;
				GCC_WARN_UNDECLARED_SELECTOR = YES;
				GCC_WARN_UNINITIALIZED_AUTOS = YES_AGGRESSIVE;
				GCC_WARN_UNUSED_FUNCTION = YES;
				GCC_WARN_UNUSED_VARIABLE = YES;
				IPHONEOS_DEPLOYMENT_TARGET = 15.5;
				MTL_ENABLE_DEBUG_INFO = INCLUDE_SOURCE;
				MTL_FAST_MATH = YES;
				ONLY_ACTIVE_ARCH = YES;
				SDKROOT = iphoneos;
				SWIFT_ACTIVE_COMPILATION_CONDITIONS = DEBUG;
				SWIFT_OPTIMIZATION_LEVEL = "-Onone";
			};
			name = Debug;
		};
		FDA1EBD8288D57C5008DB36D /* Release */ = {
			isa = XCBuildConfiguration;
			buildSettings = {
				ALWAYS_SEARCH_USER_PATHS = NO;
				CLANG_ANALYZER_NONNULL = YES;
				CLANG_ANALYZER_NUMBER_OBJECT_CONVERSION = YES_AGGRESSIVE;
				CLANG_CXX_LANGUAGE_STANDARD = "gnu++17";
				CLANG_ENABLE_MODULES = YES;
				CLANG_ENABLE_OBJC_ARC = YES;
				CLANG_ENABLE_OBJC_WEAK = YES;
				CLANG_WARN_BLOCK_CAPTURE_AUTORELEASING = YES;
				CLANG_WARN_BOOL_CONVERSION = YES;
				CLANG_WARN_COMMA = YES;
				CLANG_WARN_CONSTANT_CONVERSION = YES;
				CLANG_WARN_DEPRECATED_OBJC_IMPLEMENTATIONS = YES;
				CLANG_WARN_DIRECT_OBJC_ISA_USAGE = YES_ERROR;
				CLANG_WARN_DOCUMENTATION_COMMENTS = YES;
				CLANG_WARN_EMPTY_BODY = YES;
				CLANG_WARN_ENUM_CONVERSION = YES;
				CLANG_WARN_INFINITE_RECURSION = YES;
				CLANG_WARN_INT_CONVERSION = YES;
				CLANG_WARN_NON_LITERAL_NULL_CONVERSION = YES;
				CLANG_WARN_OBJC_IMPLICIT_RETAIN_SELF = YES;
				CLANG_WARN_OBJC_LITERAL_CONVERSION = YES;
				CLANG_WARN_OBJC_ROOT_CLASS = YES_ERROR;
				CLANG_WARN_QUOTED_INCLUDE_IN_FRAMEWORK_HEADER = YES;
				CLANG_WARN_RANGE_LOOP_ANALYSIS = YES;
				CLANG_WARN_STRICT_PROTOTYPES = YES;
				CLANG_WARN_SUSPICIOUS_MOVE = YES;
				CLANG_WARN_UNGUARDED_AVAILABILITY = YES_AGGRESSIVE;
				CLANG_WARN_UNREACHABLE_CODE = YES;
				CLANG_WARN__DUPLICATE_METHOD_MATCH = YES;
				COPY_PHASE_STRIP = NO;
				DEBUG_INFORMATION_FORMAT = "dwarf-with-dsym";
				ENABLE_NS_ASSERTIONS = NO;
				ENABLE_STRICT_OBJC_MSGSEND = YES;
				GCC_C_LANGUAGE_STANDARD = gnu11;
				GCC_NO_COMMON_BLOCKS = YES;
				GCC_WARN_64_TO_32_BIT_CONVERSION = YES;
				GCC_WARN_ABOUT_RETURN_TYPE = YES_ERROR;
				GCC_WARN_UNDECLARED_SELECTOR = YES;
				GCC_WARN_UNINITIALIZED_AUTOS = YES_AGGRESSIVE;
				GCC_WARN_UNUSED_FUNCTION = YES;
				GCC_WARN_UNUSED_VARIABLE = YES;
				IPHONEOS_DEPLOYMENT_TARGET = 15.5;
				MTL_ENABLE_DEBUG_INFO = NO;
				MTL_FAST_MATH = YES;
				SDKROOT = iphoneos;
				SWIFT_COMPILATION_MODE = wholemodule;
				SWIFT_OPTIMIZATION_LEVEL = "-O";
				VALIDATE_PRODUCT = YES;
			};
			name = Release;
		};
		FDA1EBDA288D57C5008DB36D /* Debug */ = {
			isa = XCBuildConfiguration;
			buildSettings = {
				ASSETCATALOG_COMPILER_APPICON_NAME = AppIcon;
				ASSETCATALOG_COMPILER_GLOBAL_ACCENT_COLOR_NAME = AccentColor;
				CODE_SIGN_STYLE = Automatic;
				CURRENT_PROJECT_VERSION = 1;
				GENERATE_INFOPLIST_FILE = YES;
				INFOPLIST_FILE = MyHabits/Info.plist;
				INFOPLIST_KEY_UIApplicationSupportsIndirectInputEvents = YES;
				INFOPLIST_KEY_UILaunchStoryboardName = LaunchScreen;
				INFOPLIST_KEY_UISupportedInterfaceOrientations_iPad = "UIInterfaceOrientationPortrait UIInterfaceOrientationPortraitUpsideDown UIInterfaceOrientationLandscapeLeft UIInterfaceOrientationLandscapeRight";
				INFOPLIST_KEY_UISupportedInterfaceOrientations_iPhone = "UIInterfaceOrientationPortrait UIInterfaceOrientationLandscapeLeft UIInterfaceOrientationLandscapeRight";
				IPHONEOS_DEPLOYMENT_TARGET = 14.0;
				LD_RUNPATH_SEARCH_PATHS = (
					"$(inherited)",
					"@executable_path/Frameworks",
				);
				MARKETING_VERSION = 1.0;
				PRODUCT_BUNDLE_IDENTIFIER = niyaz.MyHabits;
				PRODUCT_NAME = "$(TARGET_NAME)";
				SWIFT_EMIT_LOC_STRINGS = YES;
				SWIFT_VERSION = 5.0;
				TARGETED_DEVICE_FAMILY = "1,2";
			};
			name = Debug;
		};
		FDA1EBDB288D57C5008DB36D /* Release */ = {
			isa = XCBuildConfiguration;
			buildSettings = {
				ASSETCATALOG_COMPILER_APPICON_NAME = AppIcon;
				ASSETCATALOG_COMPILER_GLOBAL_ACCENT_COLOR_NAME = AccentColor;
				CODE_SIGN_STYLE = Automatic;
				CURRENT_PROJECT_VERSION = 1;
				GENERATE_INFOPLIST_FILE = YES;
				INFOPLIST_FILE = MyHabits/Info.plist;
				INFOPLIST_KEY_UIApplicationSupportsIndirectInputEvents = YES;
				INFOPLIST_KEY_UILaunchStoryboardName = LaunchScreen;
				INFOPLIST_KEY_UISupportedInterfaceOrientations_iPad = "UIInterfaceOrientationPortrait UIInterfaceOrientationPortraitUpsideDown UIInterfaceOrientationLandscapeLeft UIInterfaceOrientationLandscapeRight";
				INFOPLIST_KEY_UISupportedInterfaceOrientations_iPhone = "UIInterfaceOrientationPortrait UIInterfaceOrientationLandscapeLeft UIInterfaceOrientationLandscapeRight";
				IPHONEOS_DEPLOYMENT_TARGET = 14.0;
				LD_RUNPATH_SEARCH_PATHS = (
					"$(inherited)",
					"@executable_path/Frameworks",
				);
				MARKETING_VERSION = 1.0;
				PRODUCT_BUNDLE_IDENTIFIER = niyaz.MyHabits;
				PRODUCT_NAME = "$(TARGET_NAME)";
				SWIFT_EMIT_LOC_STRINGS = YES;
				SWIFT_VERSION = 5.0;
				TARGETED_DEVICE_FAMILY = "1,2";
			};
			name = Release;
		};
/* End XCBuildConfiguration section */

/* Begin XCConfigurationList section */
		FDA1EBC0288D57C4008DB36D /* Build configuration list for PBXProject "MyHabits" */ = {
			isa = XCConfigurationList;
			buildConfigurations = (
				FDA1EBD7288D57C5008DB36D /* Debug */,
				FDA1EBD8288D57C5008DB36D /* Release */,
			);
			defaultConfigurationIsVisible = 0;
			defaultConfigurationName = Release;
		};
		FDA1EBD9288D57C5008DB36D /* Build configuration list for PBXNativeTarget "MyHabits" */ = {
			isa = XCConfigurationList;
			buildConfigurations = (
				FDA1EBDA288D57C5008DB36D /* Debug */,
				FDA1EBDB288D57C5008DB36D /* Release */,
			);
			defaultConfigurationIsVisible = 0;
			defaultConfigurationName = Release;
		};
/* End XCConfigurationList section */
	};
	rootObject = FDA1EBBD288D57C4008DB36D /* Project object */;
}
